<?xml version="1.0" encoding="utf-8"?>
<Project ToolsVersion="4.0" xmlns="http://schemas.microsoft.com/developer/msbuild/2003">
  <ItemGroup>
    <Filter Include="Source Files">
      <UniqueIdentifier>{4FC737F1-C7A5-4376-A066-2A32D752A2FF}</UniqueIdentifier>
      <Extensions>cpp;c;cc;cxx;def;odl;idl;hpj;bat;asm;asmx</Extensions>
    </Filter>
    <Filter Include="Header Files">
      <UniqueIdentifier>{93995380-89BD-4b04-88EB-625FBE52EBFB}</UniqueIdentifier>
      <Extensions>h;hh;hpp;hxx;hm;inl;inc;ipp;xsd</Extensions>
    </Filter>
    <Filter Include="Resource Files">
      <UniqueIdentifier>{67DA6AB6-F800-4c08-8B7A-83BB121AAD01}</UniqueIdentifier>
      <Extensions>rc;ico;cur;bmp;dlg;rc2;rct;bin;rgs;gif;jpg;jpeg;jpe;resx;tiff;tif;png;wav;mfcribbon-ms</Extensions>
    </Filter>
    <Filter Include="minirtl">
      <UniqueIdentifier>{fc0c5e65-8a5c-4724-ae3f-e13d88439dac}</UniqueIdentifier>
    </Filter>
  </ItemGroup>
  <ItemGroup>
    <ClCompile Include="main.c">
      <Filter>Source Files</Filter>
    </ClCompile>
    <ClCompile Include="util.c">
      <Filter>Source Files</Filter>
    </ClCompile>
    <ClCompile Include="minirtl\_strcmpi.c">
      <Filter>minirtl</Filter>
    </ClCompile>
    <ClCompile Include="minirtl\_strcpy.c">
      <Filter>minirtl</Filter>
    </ClCompile>
    <ClCompile Include="minirtl\_strend.c">
      <Filter>minirtl</Filter>
    </ClCompile>
    <ClCompile Include="minirtl\_strlen.c">
      <Filter>minirtl</Filter>
    </ClCompile>
    <ClCompile Include="minirtl\ultostr.c">
      <Filter>minirtl</Filter>
    </ClCompile>
    <ClCompile Include="minirtl\_strcat.c">
      <Filter>minirtl</Filter>
    </ClCompile>
  </ItemGroup>
  <ItemGroup>
    <ClInclude Include="global.h">
      <Filter>Header Files</Filter>
    </ClInclude>
    <ClInclude Include="resource.h">
      <Filter>Header Files</Filter>
    </ClInclude>
    <ClInclude Include="roos.h">
      <Filter>Header Files</Filter>
    </ClInclude>
    <ClInclude Include="util.h">
      <Filter>Header Files</Filter>
    </ClInclude>
    <ClInclude Include="minirtl\minirtl.h">
      <Filter>minirtl</Filter>
    </ClInclude>
    <ClInclude Include="minirtl\rtltypes.h">
      <Filter>minirtl</Filter>
    </ClInclude>
  </ItemGroup>
  <ItemGroup>
    <None Include="export.def">
      <Filter>Resource Files</Filter>
    </None>
  </ItemGroup>
  <ItemGroup>
    <ResourceCompile Include="ros-scrsave.rc">
      <Filter>Resource Files</Filter>
    </ResourceCompile>
  </ItemGroup>
  <ItemGroup>
    <Image Include="textures\bragin_obshak.jpg">
      <Filter>Resource Files</Filter>
    </Image>
    <Image Include="textures\ReactOS_logo.png">
      <Filter>Resource Files</Filter>
    </Image>
    <Image Include="textures\ReactOS_Butthurt_Edition.png">
      <Filter>Resource Files</Filter>
    </Image>
    <Image Include="textures\Impression.png">
      <Filter>Resource Files</Filter>
    </Image>
    <Image Include="textures\fundraising.png">
      <Filter>Resource Files</Filter>
    </Image>
    <Image Include="textures\bsod.png">
      <Filter>Resource Files</Filter>
    </Image>
    <Image Include="textures\pepe-frog.png">
      <Filter>Resource Files</Filter>
    </Image>
    <Image Include="textures\bsod3.png">
      <Filter>Resource Files</Filter>
    </Image>
    <Image Include="textures\font.png">
      <Filter>Resource Files</Filter>
    </Image>
    <Image Include="sooriginal.ico">
      <Filter>Resource Files</Filter>
    </Image>
    <Image Include="textures\bsod2.png">
      <Filter>Resource Files</Filter>
    </Image>
    <Image Include="textures\bsod4.png">
      <Filter>Resource Files</Filter>
    </Image>
    <Image Include="textures\bsod5.png">
      <Filter>Resource Files</Filter>
    </Image>
    <Image Include="textures\bsod6.png">
      <Filter>Resource Files</Filter>
    </Image>
    <Image Include="bitmap1.bmp">
      <Filter>Resource Files</Filter>
    </Image>
  </ItemGroup>
</Project>