
Microsoft Visual Studio Solution File, Format Version 12.00
# Visual Studio 15
VisualStudioVersion = 15.0.28307.168
MinimumVisualStudioVersion = 10.0.40219.1
Project("{8BC9CEB8-8B4A-11D0-8D11-00A0C91BC942}") = "BSODScreen", "BSODScreen.vcxproj", "{656C1982-6675-4364-8771-154702228058}"
EndProject
Global
	GlobalSection(SolutionConfigurationPlatforms) = preSolution
		Debug|x64 = Debug|x64
		Debug|x86 = Debug|x86
		Release|x64 = Release|x64
		Release|x86 = Release|x86
	EndGlobalSection
	GlobalSection(ProjectConfigurationPlatforms) = postSolution
		{656C1982-6675-4364-8771-154702228058}.Debug|x64.ActiveCfg = Debug|x64
		{656C1982-6675-4364-8771-154702228058}.Debug|x64.Build.0 = Debug|x64
		{656C1982-6675-4364-8771-154702228058}.Debug|x86.ActiveCfg = Debug|Win32
		{656C1982-6675-4364-8771-154702228058}.Debug|x86.Build.0 = Debug|Win32
		{656C1982-6675-4364-8771-154702228058}.Release|x64.ActiveCfg = Release|x64
		{656C1982-6675-4364-8771-154702228058}.Release|x64.Build.0 = Release|x64
		{656C1982-6675-4364-8771-154702228058}.Release|x86.ActiveCfg = Release|Win32
		{656C1982-6675-4364-8771-154702228058}.Release|x86.Build.0 = Release|Win32
	EndGlobalSection
	GlobalSection(SolutionProperties) = preSolution
		HideSolutionNode = FALSE
	EndGlobalSection
	GlobalSection(ExtensibilityGlobals) = postSolution
		SolutionGuid = {D1342BF9-B866-45F6-B824-056C6CAA0AFE}
	EndGlobalSection
EndGlobal
